// !$*UTF8*$!
{
	archiveVersion = 1;
	classes = {
	};
	objectVersion = 56;
	objects = {

/* Begin PBXBuildFile section */
		25600A6B2D1B8D8F008DD920 /* GoldenMindsApp.swift in Sources */ = {isa = PBXBuildFile; fileRef = 25600A6A2D1B8D8F008DD920 /* GoldenMindsApp.swift */; };
		25600A6D2D1B8D8F008DD920 /* ContentView.swift in Sources */ = {isa = PBXBuildFile; fileRef = 25600A6C2D1B8D8F008DD920 /* ContentView.swift */; };
		25600A6F2D1B8D92008DD920 /* Assets.xcassets in Resources */ = {isa = PBXBuildFile; fileRef = 25600A6E2D1B8D92008DD920 /* Assets.xcassets */; };
		25600A722D1B8D92008DD920 /* Preview Assets.xcassets in Resources */ = {isa = PBXBuildFile; fileRef = 25600A712D1B8D92008DD920 /* Preview Assets.xcassets */; };
		25600A7C2D1B8EC0008DD920 /* HeaderView.swift in Sources */ = {isa = PBXBuildFile; fileRef = 25600A7B2D1B8EC0008DD920 /* HeaderView.swift */; };
		25600A7E2D1B8EF5008DD920 /* Landing.swift in Sources */ = {isa = PBXBuildFile; fileRef = 25600A7D2D1B8EF5008DD920 /* Landing.swift */; };
		25600A802D1B8F29008DD920 /* MoodCheckIn.swift in Sources */ = {isa = PBXBuildFile; fileRef = 25600A7F2D1B8F29008DD920 /* MoodCheckIn.swift */; };
		25600A822D1B8F5C008DD920 /* DailyNurtures.swift in Sources */ = {isa = PBXBuildFile; fileRef = 25600A812D1B8F5C008DD920 /* DailyNurtures.swift */; };
		25600A842D1B8FA8008DD920 /* Insights.swift in Sources */ = {isa = PBXBuildFile; fileRef = 25600A832D1B8FA8008DD920 /* Insights.swift */; };
		25600A882D1B92CD008DD920 /* Signin.swift in Sources */ = {isa = PBXBuildFile; fileRef = 25600A872D1B92CD008DD920 /* Signin.swift */; };
		25600A8A2D1B947D008DD920 /* SignInUsingUidPass.swift in Sources */ = {isa = PBXBuildFile; fileRef = 25600A892D1B947D008DD920 /* SignInUsingUidPass.swift */; };
		25600A8C2D1B94C2008DD920 /* SignUp.swift in Sources */ = {isa = PBXBuildFile; fileRef = 25600A8B2D1B94C2008DD920 /* SignUp.swift */; };
		25600A8F2D1BB6C2008DD920 /* MoodCheckinViewModel.swift in Sources */ = {isa = PBXBuildFile; fileRef = 25600A8E2D1BB6C2008DD920 /* MoodCheckinViewModel.swift */; };
		25600A922D1BCF0A008DD920 /* SideBarMenu.swift in Sources */ = {isa = PBXBuildFile; fileRef = 25600A912D1BCF0A008DD920 /* SideBarMenu.swift */; };
		25600A942D1BD4F6008DD920 /* MainContentView.swift in Sources */ = {isa = PBXBuildFile; fileRef = 25600A932D1BD4F6008DD920 /* MainContentView.swift */; };
		25600A962D1C36ED008DD920 /* SideMenuItem.swift in Sources */ = {isa = PBXBuildFile; fileRef = 25600A952D1C36ED008DD920 /* SideMenuItem.swift */; };
/* End PBXBuildFile section */

/* Begin PBXFileReference section */
		2521340C2D1DD9F4006424A7 /* Info.plist */ = {isa = PBXFileReference; lastKnownFileType = text.plist.xml; path = Info.plist; sourceTree = "<group>"; };
		25600A672D1B8D8F008DD920 /* GoldenMinds.app */ = {isa = PBXFileReference; explicitFileType = wrapper.application; includeInIndex = 0; path = GoldenMinds.app; sourceTree = BUILT_PRODUCTS_DIR; };
		25600A6A2D1B8D8F008DD920 /* GoldenMindsApp.swift */ = {isa = PBXFileReference; lastKnownFileType = sourcecode.swift; path = GoldenMindsApp.swift; sourceTree = "<group>"; };
		25600A6C2D1B8D8F008DD920 /* ContentView.swift */ = {isa = PBXFileReference; lastKnownFileType = sourcecode.swift; path = ContentView.swift; sourceTree = "<group>"; };
		25600A6E2D1B8D92008DD920 /* Assets.xcassets */ = {isa = PBXFileReference; lastKnownFileType = folder.assetcatalog; path = Assets.xcassets; sourceTree = "<group>"; };
		25600A712D1B8D92008DD920 /* Preview Assets.xcassets */ = {isa = PBXFileReference; lastKnownFileType = folder.assetcatalog; path = "Preview Assets.xcassets"; sourceTree = "<group>"; };
		25600A7B2D1B8EC0008DD920 /* HeaderView.swift */ = {isa = PBXFileReference; lastKnownFileType = sourcecode.swift; path = HeaderView.swift; sourceTree = "<group>"; };
		25600A7D2D1B8EF5008DD920 /* Landing.swift */ = {isa = PBXFileReference; lastKnownFileType = sourcecode.swift; path = Landing.swift; sourceTree = "<group>"; };
		25600A7F2D1B8F29008DD920 /* MoodCheckIn.swift */ = {isa = PBXFileReference; lastKnownFileType = sourcecode.swift; path = MoodCheckIn.swift; sourceTree = "<group>"; };
		25600A812D1B8F5C008DD920 /* DailyNurtures.swift */ = {isa = PBXFileReference; lastKnownFileType = sourcecode.swift; path = DailyNurtures.swift; sourceTree = "<group>"; };
		25600A832D1B8FA8008DD920 /* Insights.swift */ = {isa = PBXFileReference; lastKnownFileType = sourcecode.swift; path = Insights.swift; sourceTree = "<group>"; };
		25600A872D1B92CD008DD920 /* Signin.swift */ = {isa = PBXFileReference; lastKnownFileType = sourcecode.swift; path = Signin.swift; sourceTree = "<group>"; };
		25600A892D1B947D008DD920 /* SignInUsingUidPass.swift */ = {isa = PBXFileReference; lastKnownFileType = sourcecode.swift; path = SignInUsingUidPass.swift; sourceTree = "<group>"; };
		25600A8B2D1B94C2008DD920 /* SignUp.swift */ = {isa = PBXFileReference; lastKnownFileType = sourcecode.swift; path = SignUp.swift; sourceTree = "<group>"; };
		25600A8E2D1BB6C2008DD920 /* MoodCheckinViewModel.swift */ = {isa = PBXFileReference; lastKnownFileType = sourcecode.swift; path = MoodCheckinViewModel.swift; sourceTree = "<group>"; };
		25600A912D1BCF0A008DD920 /* SideBarMenu.swift */ = {isa = PBXFileReference; lastKnownFileType = sourcecode.swift; path = SideBarMenu.swift; sourceTree = "<group>"; };
		25600A932D1BD4F6008DD920 /* MainContentView.swift */ = {isa = PBXFileReference; lastKnownFileType = sourcecode.swift; path = MainContentView.swift; sourceTree = "<group>"; };
		25600A952D1C36ED008DD920 /* SideMenuItem.swift */ = {isa = PBXFileReference; lastKnownFileType = sourcecode.swift; path = SideMenuItem.swift; sourceTree = "<group>"; };
/* End PBXFileReference section */

/* Begin PBXFrameworksBuildPhase section */
		25600A642D1B8D8F008DD920 /* Frameworks */ = {
			isa = PBXFrameworksBuildPhase;
			buildActionMask = 2147483647;
			files = (
			);
			runOnlyForDeploymentPostprocessing = 0;
		};
/* End PBXFrameworksBuildPhase section */

/* Begin PBXGroup section */
		25600A5E2D1B8D8E008DD920 = {
			isa = PBXGroup;
			children = (
				2521340C2D1DD9F4006424A7 /* Info.plist */,
				25600A692D1B8D8F008DD920 /* GoldenMinds */,
				25600A682D1B8D8F008DD920 /* Products */,
			);
			sourceTree = "<group>";
		};
		25600A682D1B8D8F008DD920 /* Products */ = {
			isa = PBXGroup;
			children = (
				25600A672D1B8D8F008DD920 /* GoldenMinds.app */,
			);
			name = Products;
			sourceTree = "<group>";
		};
		25600A692D1B8D8F008DD920 /* GoldenMinds */ = {
			isa = PBXGroup;
			children = (
				25600A8D2D1BB6A2008DD920 /* Models */,
				25600A7A2D1B8EA9008DD920 /* Constants */,
				25600A792D1B8E98008DD920 /* UI */,
				25600A782D1B8E8A008DD920 /* Common */,
				25600A6A2D1B8D8F008DD920 /* GoldenMindsApp.swift */,
				25600A932D1BD4F6008DD920 /* MainContentView.swift */,
				25600A6C2D1B8D8F008DD920 /* ContentView.swift */,
				25600A6E2D1B8D92008DD920 /* Assets.xcassets */,
				25600A702D1B8D92008DD920 /* Preview Content */,
			);
			path = GoldenMinds;
			sourceTree = "<group>";
		};
		25600A702D1B8D92008DD920 /* Preview Content */ = {
			isa = PBXGroup;
			children = (
				25600A712D1B8D92008DD920 /* Preview Assets.xcassets */,
			);
			path = "Preview Content";
			sourceTree = "<group>";
		};
		25600A782D1B8E8A008DD920 /* Common */ = {
			isa = PBXGroup;
			children = (
			);
			path = Common;
			sourceTree = "<group>";
		};
		25600A792D1B8E98008DD920 /* UI */ = {
			isa = PBXGroup;
			children = (
				25600A902D1BCEE8008DD920 /* Common */,
				25600A862D1B91DB008DD920 /* UserManagement */,
				25600A852D1B91AF008DD920 /* tabs */,
			);
			path = UI;
			sourceTree = "<group>";
		};
		25600A7A2D1B8EA9008DD920 /* Constants */ = {
			isa = PBXGroup;
			children = (
				25600A952D1C36ED008DD920 /* SideMenuItem.swift */,
			);
			path = Constants;
			sourceTree = "<group>";
		};
		25600A852D1B91AF008DD920 /* tabs */ = {
			isa = PBXGroup;
			children = (
				25600A7F2D1B8F29008DD920 /* MoodCheckIn.swift */,
				25600A7D2D1B8EF5008DD920 /* Landing.swift */,
				25600A812D1B8F5C008DD920 /* DailyNurtures.swift */,
				25600A832D1B8FA8008DD920 /* Insights.swift */,
			);
			path = tabs;
			sourceTree = "<group>";
		};
		25600A862D1B91DB008DD920 /* UserManagement */ = {
			isa = PBXGroup;
			children = (
				25600A872D1B92CD008DD920 /* Signin.swift */,
				25600A892D1B947D008DD920 /* SignInUsingUidPass.swift */,
				25600A8B2D1B94C2008DD920 /* SignUp.swift */,
			);
			path = UserManagement;
			sourceTree = "<group>";
		};
		25600A8D2D1BB6A2008DD920 /* Models */ = {
			isa = PBXGroup;
			children = (
				25600A8E2D1BB6C2008DD920 /* MoodCheckinViewModel.swift */,
			);
			path = Models;
			sourceTree = "<group>";
		};
		25600A902D1BCEE8008DD920 /* Common */ = {
			isa = PBXGroup;
			children = (
				25600A7B2D1B8EC0008DD920 /* HeaderView.swift */,
				25600A912D1BCF0A008DD920 /* SideBarMenu.swift */,
			);
			path = Common;
			sourceTree = "<group>";
		};
/* End PBXGroup section */

/* Begin PBXNativeTarget section */
		25600A662D1B8D8F008DD920 /* GoldenMinds */ = {
			isa = PBXNativeTarget;
			buildConfigurationList = 25600A752D1B8D92008DD920 /* Build configuration list for PBXNativeTarget "GoldenMinds" */;
			buildPhases = (
				25600A632D1B8D8F008DD920 /* Sources */,
				25600A642D1B8D8F008DD920 /* Frameworks */,
				25600A652D1B8D8F008DD920 /* Resources */,
			);
			buildRules = (
			);
			dependencies = (
			);
			name = GoldenMinds;
			productName = GoldenMinds;
			productReference = 25600A672D1B8D8F008DD920 /* GoldenMinds.app */;
			productType = "com.apple.product-type.application";
		};
/* End PBXNativeTarget section */

/* Begin PBXProject section */
		25600A5F2D1B8D8E008DD920 /* Project object */ = {
			isa = PBXProject;
			attributes = {
				BuildIndependentTargetsInParallel = 1;
				LastSwiftUpdateCheck = 1420;
				LastUpgradeCheck = 1420;
				TargetAttributes = {
					25600A662D1B8D8F008DD920 = {
						CreatedOnToolsVersion = 14.2;
					};
				};
			};
			buildConfigurationList = 25600A622D1B8D8E008DD920 /* Build configuration list for PBXProject "GoldenMinds" */;
			compatibilityVersion = "Xcode 14.0";
			developmentRegion = en;
			hasScannedForEncodings = 0;
			knownRegions = (
				en,
				Base,
			);
			mainGroup = 25600A5E2D1B8D8E008DD920;
			productRefGroup = 25600A682D1B8D8F008DD920 /* Products */;
			projectDirPath = "";
			projectRoot = "";
			targets = (
				25600A662D1B8D8F008DD920 /* GoldenMinds */,
			);
		};
/* End PBXProject section */

/* Begin PBXResourcesBuildPhase section */
		25600A652D1B8D8F008DD920 /* Resources */ = {
			isa = PBXResourcesBuildPhase;
			buildActionMask = 2147483647;
			files = (
				25600A722D1B8D92008DD920 /* Preview Assets.xcassets in Resources */,
				25600A6F2D1B8D92008DD920 /* Assets.xcassets in Resources */,
			);
			runOnlyForDeploymentPostprocessing = 0;
		};
/* End PBXResourcesBuildPhase section */

/* Begin PBXSourcesBuildPhase section */
		25600A632D1B8D8F008DD920 /* Sources */ = {
			isa = PBXSourcesBuildPhase;
			buildActionMask = 2147483647;
			files = (
				25600A8A2D1B947D008DD920 /* SignInUsingUidPass.swift in Sources */,
				25600A6D2D1B8D8F008DD920 /* ContentView.swift in Sources */,
				25600A942D1BD4F6008DD920 /* MainContentView.swift in Sources */,
				25600A842D1B8FA8008DD920 /* Insights.swift in Sources */,
				25600A8F2D1BB6C2008DD920 /* MoodCheckinViewModel.swift in Sources */,
				25600A822D1B8F5C008DD920 /* DailyNurtures.swift in Sources */,
				25600A802D1B8F29008DD920 /* MoodCheckIn.swift in Sources */,
				25600A7E2D1B8EF5008DD920 /* Landing.swift in Sources */,
				25600A922D1BCF0A008DD920 /* SideBarMenu.swift in Sources */,
				25600A7C2D1B8EC0008DD920 /* HeaderView.swift in Sources */,
				25600A962D1C36ED008DD920 /* SideMenuItem.swift in Sources */,
				25600A6B2D1B8D8F008DD920 /* GoldenMindsApp.swift in Sources */,
				25600A882D1B92CD008DD920 /* Signin.swift in Sources */,
				25600A8C2D1B94C2008DD920 /* SignUp.swift in Sources */,
			);
			runOnlyForDeploymentPostprocessing = 0;
		};
/* End PBXSourcesBuildPhase section */

/* Begin XCBuildConfiguration section */
		25600A732D1B8D92008DD920 /* Debug */ = {
			isa = XCBuildConfiguration;
			buildSettings = {
				ALWAYS_SEARCH_USER_PATHS = NO;
				CLANG_ANALYZER_NONNULL = YES;
				CLANG_ANALYZER_NUMBER_OBJECT_CONVERSION = YES_AGGRESSIVE;
				CLANG_CXX_LANGUAGE_STANDARD = "gnu++20";
				CLANG_ENABLE_MODULES = YES;
				CLANG_ENABLE_OBJC_ARC = YES;
				CLANG_ENABLE_OBJC_WEAK = YES;
				CLANG_WARN_BLOCK_CAPTURE_AUTORELEASING = YES;
				CLANG_WARN_BOOL_CONVERSION = YES;
				CLANG_WARN_COMMA = YES;
				CLANG_WARN_CONSTANT_CONVERSION = YES;
				CLANG_WARN_DEPRECATED_OBJC_IMPLEMENTATIONS = YES;
				CLANG_WARN_DIRECT_OBJC_ISA_USAGE = YES_ERROR;
				CLANG_WARN_DOCUMENTATION_COMMENTS = YES;
				CLANG_WARN_EMPTY_BODY = YES;
				CLANG_WARN_ENUM_CONVERSION = YES;
				CLANG_WARN_INFINITE_RECURSION = YES;
				CLANG_WARN_INT_CONVERSION = YES;
				CLANG_WARN_NON_LITERAL_NULL_CONVERSION = YES;
				CLANG_WARN_OBJC_IMPLICIT_RETAIN_SELF = YES;
				CLANG_WARN_OBJC_LITERAL_CONVERSION = YES;
				CLANG_WARN_OBJC_ROOT_CLASS = YES_ERROR;
				CLANG_WARN_QUOTED_INCLUDE_IN_FRAMEWORK_HEADER = YES;
				CLANG_WARN_RANGE_LOOP_ANALYSIS = YES;
				CLANG_WARN_STRICT_PROTOTYPES = YES;
				CLANG_WARN_SUSPICIOUS_MOVE = YES;
				CLANG_WARN_UNGUARDED_AVAILABILITY = YES_AGGRESSIVE;
				CLANG_WARN_UNREACHABLE_CODE = YES;
				CLANG_WARN__DUPLICATE_METHOD_MATCH = YES;
				COPY_PHASE_STRIP = NO;
				DEBUG_INFORMATION_FORMAT = dwarf;
				ENABLE_STRICT_OBJC_MSGSEND = YES;
				ENABLE_TESTABILITY = YES;
				GCC_C_LANGUAGE_STANDARD = gnu11;
				GCC_DYNAMIC_NO_PIC = NO;
				GCC_NO_COMMON_BLOCKS = YES;
				GCC_OPTIMIZATION_LEVEL = 0;
				GCC_PREPROCESSOR_DEFINITIONS = (
					"DEBUG=1",
					"$(inherited)",
				);
				GCC_WARN_64_TO_32_BIT_CONVERSION = YES;
				GCC_WARN_ABOUT_RETURN_TYPE = YES_ERROR;
				GCC_WARN_UNDECLARED_SELECTOR = YES;
				GCC_WARN_UNINITIALIZED_AUTOS = YES_AGGRESSIVE;
				GCC_WARN_UNUSED_FUNCTION = YES;
				GCC_WARN_UNUSED_VARIABLE = YES;
				GENERATE_INFOPLIST_FILE = NO;
				"INFOPLIST_FILE[sdk=*]" = "$(SRCROOT)/Info.plist";
				IPHONEOS_DEPLOYMENT_TARGET = 16.2;
				MTL_ENABLE_DEBUG_INFO = INCLUDE_SOURCE;
				MTL_FAST_MATH = YES;
				ONLY_ACTIVE_ARCH = YES;
				SDKROOT = iphoneos;
				SWIFT_ACTIVE_COMPILATION_CONDITIONS = DEBUG;
				SWIFT_OPTIMIZATION_LEVEL = "-Onone";
			};
			name = Debug;
		};
		25600A742D1B8D92008DD920 /* Release */ = {
			isa = XCBuildConfiguration;
			buildSettings = {
				ALWAYS_SEARCH_USER_PATHS = NO;
				CLANG_ANALYZER_NONNULL = YES;
				CLANG_ANALYZER_NUMBER_OBJECT_CONVERSION = YES_AGGRESSIVE;
				CLANG_CXX_LANGUAGE_STANDARD = "gnu++20";
				CLANG_ENABLE_MODULES = YES;
				CLANG_ENABLE_OBJC_ARC = YES;
				CLANG_ENABLE_OBJC_WEAK = YES;
				CLANG_WARN_BLOCK_CAPTURE_AUTORELEASING = YES;
				CLANG_WARN_BOOL_CONVERSION = YES;
				CLANG_WARN_COMMA = YES;
				CLANG_WARN_CONSTANT_CONVERSION = YES;
				CLANG_WARN_DEPRECATED_OBJC_IMPLEMENTATIONS = YES;
				CLANG_WARN_DIRECT_OBJC_ISA_USAGE = YES_ERROR;
				CLANG_WARN_DOCUMENTATION_COMMENTS = YES;
				CLANG_WARN_EMPTY_BODY = YES;
				CLANG_WARN_ENUM_CONVERSION = YES;
				CLANG_WARN_INFINITE_RECURSION = YES;
				CLANG_WARN_INT_CONVERSION = YES;
				CLANG_WARN_NON_LITERAL_NULL_CONVERSION = YES;
				CLANG_WARN_OBJC_IMPLICIT_RETAIN_SELF = YES;
				CLANG_WARN_OBJC_LITERAL_CONVERSION = YES;
				CLANG_WARN_OBJC_ROOT_CLASS = YES_ERROR;
				CLANG_WARN_QUOTED_INCLUDE_IN_FRAMEWORK_HEADER = YES;
				CLANG_WARN_RANGE_LOOP_ANALYSIS = YES;
				CLANG_WARN_STRICT_PROTOTYPES = YES;
				CLANG_WARN_SUSPICIOUS_MOVE = YES;
				CLANG_WARN_UNGUARDED_AVAILABILITY = YES_AGGRESSIVE;
				CLANG_WARN_UNREACHABLE_CODE = YES;
				CLANG_WARN__DUPLICATE_METHOD_MATCH = YES;
				COPY_PHASE_STRIP = NO;
				DEBUG_INFORMATION_FORMAT = "dwarf-with-dsym";
				ENABLE_NS_ASSERTIONS = NO;
				ENABLE_STRICT_OBJC_MSGSEND = YES;
				GCC_C_LANGUAGE_STANDARD = gnu11;
				GCC_NO_COMMON_BLOCKS = YES;
				GCC_WARN_64_TO_32_BIT_CONVERSION = YES;
				GCC_WARN_ABOUT_RETURN_TYPE = YES_ERROR;
				GCC_WARN_UNDECLARED_SELECTOR = YES;
				GCC_WARN_UNINITIALIZED_AUTOS = YES_AGGRESSIVE;
				GCC_WARN_UNUSED_FUNCTION = YES;
				GCC_WARN_UNUSED_VARIABLE = YES;
				GENERATE_INFOPLIST_FILE = NO;
				"INFOPLIST_FILE[sdk=*]" = "$(SRCROOT)/Info.plist";
				IPHONEOS_DEPLOYMENT_TARGET = 16.2;
				MTL_ENABLE_DEBUG_INFO = NO;
				MTL_FAST_MATH = YES;
				SDKROOT = iphoneos;
				SWIFT_COMPILATION_MODE = wholemodule;
				SWIFT_OPTIMIZATION_LEVEL = "-O";
				VALIDATE_PRODUCT = YES;
			};
			name = Release;
		};
		25600A762D1B8D92008DD920 /* Debug */ = {
			isa = XCBuildConfiguration;
			buildSettings = {
				ASSETCATALOG_COMPILER_APPICON_NAME = AppIcon;
				ASSETCATALOG_COMPILER_GLOBAL_ACCENT_COLOR_NAME = AccentColor;
				CODE_SIGN_STYLE = Automatic;
				CURRENT_PROJECT_VERSION = 1;
				DEVELOPMENT_ASSET_PATHS = "\"GoldenMinds/Preview Content\"";
				ENABLE_PREVIEWS = YES;
				GENERATE_INFOPLIST_FILE = YES;
				"INFOPLIST_FILE[sdk=*]" = "$(SRCROOT)/Info.plist";
				INFOPLIST_KEY_UIApplicationSceneManifest_Generation = YES;
				INFOPLIST_KEY_UIApplicationSupportsIndirectInputEvents = YES;
				INFOPLIST_KEY_UILaunchScreen_Generation = YES;
				INFOPLIST_KEY_UISupportedInterfaceOrientations_iPad = "UIInterfaceOrientationPortrait UIInterfaceOrientationPortraitUpsideDown UIInterfaceOrientationLandscapeLeft UIInterfaceOrientationLandscapeRight";
				INFOPLIST_KEY_UISupportedInterfaceOrientations_iPhone = "UIInterfaceOrientationPortrait UIInterfaceOrientationLandscapeLeft UIInterfaceOrientationLandscapeRight";
				LD_RUNPATH_SEARCH_PATHS = (
					"$(inherited)",
					"@executable_path/Frameworks",
				);
				MARKETING_VERSION = 1.0;
				PRODUCT_BUNDLE_IDENTIFIER = P2kNovaMindsTechnologies.GoldenMinds;
				PRODUCT_NAME = "$(TARGET_NAME)";
				SWIFT_EMIT_LOC_STRINGS = YES;
				SWIFT_VERSION = 5.0;
				TARGETED_DEVICE_FAMILY = "1,2";
			};
			name = Debug;
		};
		25600A772D1B8D92008DD920 /* Release */ = {
			isa = XCBuildConfiguration;
			buildSettings = {
				ASSETCATALOG_COMPILER_APPICON_NAME = AppIcon;
				ASSETCATALOG_COMPILER_GLOBAL_ACCENT_COLOR_NAME = AccentColor;
				CODE_SIGN_STYLE = Automatic;
				CURRENT_PROJECT_VERSION = 1;
				DEVELOPMENT_ASSET_PATHS = "\"GoldenMinds/Preview Content\"";
				ENABLE_PREVIEWS = YES;
				GENERATE_INFOPLIST_FILE = YES;
				"INFOPLIST_FILE[sdk=*]" = "$(SRCROOT)/Info.plist";
				INFOPLIST_KEY_UIApplicationSceneManifest_Generation = YES;
				INFOPLIST_KEY_UIApplicationSupportsIndirectInputEvents = YES;
				INFOPLIST_KEY_UILaunchScreen_Generation = YES;
				INFOPLIST_KEY_UISupportedInterfaceOrientations_iPad = "UIInterfaceOrientationPortrait UIInterfaceOrientationPortraitUpsideDown UIInterfaceOrientationLandscapeLeft UIInterfaceOrientationLandscapeRight";
				INFOPLIST_KEY_UISupportedInterfaceOrientations_iPhone = "UIInterfaceOrientationPortrait UIInterfaceOrientationLandscapeLeft UIInterfaceOrientationLandscapeRight";
				LD_RUNPATH_SEARCH_PATHS = (
					"$(inherited)",
					"@executable_path/Frameworks",
				);
				MARKETING_VERSION = 1.0;
				PRODUCT_BUNDLE_IDENTIFIER = P2kNovaMindsTechnologies.GoldenMinds;
				PRODUCT_NAME = "$(TARGET_NAME)";
				SWIFT_EMIT_LOC_STRINGS = YES;
				SWIFT_VERSION = 5.0;
				TARGETED_DEVICE_FAMILY = "1,2";
			};
			name = Release;
		};
/* End XCBuildConfiguration section */

/* Begin XCConfigurationList section */
		25600A622D1B8D8E008DD920 /* Build configuration list for PBXProject "GoldenMinds" */ = {
			isa = XCConfigurationList;
			buildConfigurations = (
				25600A732D1B8D92008DD920 /* Debug */,
				25600A742D1B8D92008DD920 /* Release */,
			);
			defaultConfigurationIsVisible = 0;
			defaultConfigurationName = Release;
		};
		25600A752D1B8D92008DD920 /* Build configuration list for PBXNativeTarget "GoldenMinds" */ = {
			isa = XCConfigurationList;
			buildConfigurations = (
				25600A762D1B8D92008DD920 /* Debug */,
				25600A772D1B8D92008DD920 /* Release */,
			);
			defaultConfigurationIsVisible = 0;
			defaultConfigurationName = Release;
		};
/* End XCConfigurationList section */
	};
	rootObject = 25600A5F2D1B8D8E008DD920 /* Project object */;
}
